
Microsoft Visual Studio Solution File, Format Version 12.00
# Visual Studio Version 17
VisualStudioVersion = 17.14.36623.8
MinimumVisualStudioVersion = 10.0.40219.1
Project("{FAE04EC0-301F-11D3-BF4B-00C04F79EFBC}") = "StockRankTracker", "StockRankTracker\StockRankTracker.csproj", "{9CF1298E-1BAC-474F-9652-8E2839737741}"
EndProject
Project("{FAE04EC0-301F-11D3-BF4B-00C04F79EFBC}") = "StockRankTracker.Cloud", "StockRankTracker.Cloud\StockRankTracker.Cloud.csproj", "{7265C3C4-172E-4744-94A9-E7F1B80D5854}"
EndProject
Global
	GlobalSection(SolutionConfigurationPlatforms) = preSolution
		Debug|Any CPU = Debug|Any CPU
		Release|Any CPU = Release|Any CPU
	EndGlobalSection
	GlobalSection(ProjectConfigurationPlatforms) = postSolution
		{9CF1298E-1BAC-474F-9652-8E2839737741}.Debug|Any CPU.ActiveCfg = Debug|Any CPU
		{9CF1298E-1BAC-474F-9652-8E2839737741}.Debug|Any CPU.Build.0 = Debug|Any CPU
		{9CF1298E-1BAC-474F-9652-8E2839737741}.Release|Any CPU.ActiveCfg = Release|Any CPU
		{9CF1298E-1BAC-474F-9652-8E2839737741}.Release|Any CPU.Build.0 = Release|Any CPU
		{7265C3C4-172E-4744-94A9-E7F1B80D5854}.Debug|Any CPU.ActiveCfg = Debug|Any CPU
		{7265C3C4-172E-4744-94A9-E7F1B80D5854}.Debug|Any CPU.Build.0 = Debug|Any CPU
		{7265C3C4-172E-4744-94A9-E7F1B80D5854}.Release|Any CPU.ActiveCfg = Release|Any CPU
		{7265C3C4-172E-4744-94A9-E7F1B80D5854}.Release|Any CPU.Build.0 = Release|Any CPU
	EndGlobalSection
	GlobalSection(SolutionProperties) = preSolution
		HideSolutionNode = FALSE
	EndGlobalSection
	GlobalSection(ExtensibilityGlobals) = postSolution
		SolutionGuid = {03FB3182-9EB1-4D73-8F59-3CFFE42F9573}
	EndGlobalSection
EndGlobal
